{
  "name": "json-compressor",
  "lockfileVersion": 2,
  "requires": true,
  "packages": {
    "": {
      "dependencies": {
        "jsonrepair": "^3.13.1"
      }
    },
    "node_modules/jsonrepair": {
      "version": "3.13.1",
      "resolved": "https://registry.npmjs.org/jsonrepair/-/jsonrepair-3.13.1.tgz",
      "integrity": "sha512-WJeiE0jGfxYmtLwBTEk8+y/mYcaleyLXWaqp5bJu0/ZTSeG0KQq/wWQ8pmnkKenEdN6pdnn6QtcoSUkbqDHWNw==",
      "bin": {
        "jsonrepair": "bin/cli.js"
      }
    }
  },
  "dependencies": {
    "jsonrepair": {
      "version": "3.13.1",
      "resolved": "https://registry.npmjs.org/jsonrepair/-/jsonrepair-3.13.1.tgz",
      "integrity": "sha512-WJeiE0jGfxYmtLwBTEk8+y/mYcaleyLXWaqp5bJu0/ZTSeG0KQq/wWQ8pmnkKenEdN6pdnn6QtcoSUkbqDHWNw=="
    }
  }
}
